
Microsoft Visual Studio Solution File, Format Version 12.00
# Visual Studio 15
VisualStudioVersion = 15.0.27703.2047
MinimumVisualStudioVersion = 10.0.40219.1
Project("{8BC9CEB8-8B4A-11D0-8D11-00A0C91BC942}") = "strings", "strings\strings.vcxproj", "{53ABDA0E-EB85-4A2B-B3E3-358CCE016CF7}"
EndProject
Global
	GlobalSection(SolutionConfigurationPlatforms) = preSolution
		Debug|x64 = Debug|x64
		Debug|x86 = Debug|x86
		Release|x64 = Release|x64
		Release|x86 = Release|x86
	EndGlobalSection
	GlobalSection(ProjectConfigurationPlatforms) = postSolution
		{53ABDA0E-EB85-4A2B-B3E3-358CCE016CF7}.Debug|x64.ActiveCfg = Debug|x64
		{53ABDA0E-EB85-4A2B-B3E3-358CCE016CF7}.Debug|x64.Build.0 = Debug|x64
		{53ABDA0E-EB85-4A2B-B3E3-358CCE016CF7}.Debug|x86.ActiveCfg = Debug|Win32
		{53ABDA0E-EB85-4A2B-B3E3-358CCE016CF7}.Debug|x86.Build.0 = Debug|Win32
		{53ABDA0E-EB85-4A2B-B3E3-358CCE016CF7}.Release|x64.ActiveCfg = Release|x64
		{53ABDA0E-EB85-4A2B-B3E3-358CCE016CF7}.Release|x64.Build.0 = Release|x64
		{53ABDA0E-EB85-4A2B-B3E3-358CCE016CF7}.Release|x86.ActiveCfg = Release|Win32
		{53ABDA0E-EB85-4A2B-B3E3-358CCE016CF7}.Release|x86.Build.0 = Release|Win32
	EndGlobalSection
	GlobalSection(SolutionProperties) = preSolution
		HideSolutionNode = FALSE
	EndGlobalSection
	GlobalSection(ExtensibilityGlobals) = postSolution
		SolutionGuid = {EB352602-1465-42A9-B246-0B399EA46117}
	EndGlobalSection
EndGlobal
